
Microsoft Visual Studio Solution File, Format Version 12.00
# Visual Studio Version 16
VisualStudioVersion = 16.0.30503.244
MinimumVisualStudioVersion = 10.0.40219.1
Project("{9A19103F-16F7-4668-BE54-9A1E7A4F7556}") = "T00", "T00.csproj", "{D9703C21-CF56-4F40-97DF-75A7A7EF843B}"
EndProject
Global
	GlobalSection(SolutionConfigurationPlatforms) = preSolution
		Debug|Any CPU = Debug|Any CPU
		Release|Any CPU = Release|Any CPU
	EndGlobalSection
	GlobalSection(ProjectConfigurationPlatforms) = postSolution
		{D9703C21-CF56-4F40-97DF-75A7A7EF843B}.Debug|Any CPU.ActiveCfg = Debug|Any CPU
		{D9703C21-CF56-4F40-97DF-75A7A7EF843B}.Debug|Any CPU.Build.0 = Debug|Any CPU
		{D9703C21-CF56-4F40-97DF-75A7A7EF843B}.Release|Any CPU.ActiveCfg = Release|Any CPU
		{D9703C21-CF56-4F40-97DF-75A7A7EF843B}.Release|Any CPU.Build.0 = Release|Any CPU
	EndGlobalSection
	GlobalSection(SolutionProperties) = preSolution
		HideSolutionNode = FALSE
	EndGlobalSection
	GlobalSection(ExtensibilityGlobals) = postSolution
		SolutionGuid = {0D333ED3-7678-493C-BAB8-8A4E7F6476FA}
	EndGlobalSection
EndGlobal
